
Microsoft Visual Studio Solution File, Format Version 12.00
# Visual Studio 15
VisualStudioVersion = 15.0.28010.2048
MinimumVisualStudioVersion = 10.0.40219.1
Project("{FAE04EC0-301F-11D3-BF4B-00C04F79EFBC}") = "Assignment5", "Assignment5\Assignment5.csproj", "{71BF1FC4-CB8A-499E-975C-BC00E462BFCD}"
EndProject
Global
	GlobalSection(SolutionConfigurationPlatforms) = preSolution
		Debug|Any CPU = Debug|Any CPU
		Release|Any CPU = Release|Any CPU
	EndGlobalSection
	GlobalSection(ProjectConfigurationPlatforms) = postSolution
		{71BF1FC4-CB8A-499E-975C-BC00E462BFCD}.Debug|Any CPU.ActiveCfg = Debug|Any CPU
		{71BF1FC4-CB8A-499E-975C-BC00E462BFCD}.Debug|Any CPU.Build.0 = Debug|Any CPU
		{71BF1FC4-CB8A-499E-975C-BC00E462BFCD}.Release|Any CPU.ActiveCfg = Release|Any CPU
		{71BF1FC4-CB8A-499E-975C-BC00E462BFCD}.Release|Any CPU.Build.0 = Release|Any CPU
	EndGlobalSection
	GlobalSection(SolutionProperties) = preSolution
		HideSolutionNode = FALSE
	EndGlobalSection
	GlobalSection(ExtensibilityGlobals) = postSolution
		SolutionGuid = {E30B4AB3-F5FA-4EFC-AF7D-451C8543F0ED}
	EndGlobalSection
EndGlobal
